
Microsoft Visual Studio Solution File, Format Version 12.00
# Visual Studio Version 17
VisualStudioVersion = 17.9.34616.47
MinimumVisualStudioVersion = 10.0.40219.1
Project("{FAE04EC0-301F-11D3-BF4B-00C04F79EFBC}") = "PowershellReadPdf", "PowershellReadPdf\PowershellReadPdf.csproj", "{93985BB5-2022-4E4D-9F69-B2FECE737172}"
EndProject
Global
	GlobalSection(SolutionConfigurationPlatforms) = preSolution
		Debug|Any CPU = Debug|Any CPU
		Release|Any CPU = Release|Any CPU
	EndGlobalSection
	GlobalSection(ProjectConfigurationPlatforms) = postSolution
		{93985BB5-2022-4E4D-9F69-B2FECE737172}.Debug|Any CPU.ActiveCfg = Debug|Any CPU
		{93985BB5-2022-4E4D-9F69-B2FECE737172}.Debug|Any CPU.Build.0 = Debug|Any CPU
		{93985BB5-2022-4E4D-9F69-B2FECE737172}.Release|Any CPU.ActiveCfg = Release|Any CPU
		{93985BB5-2022-4E4D-9F69-B2FECE737172}.Release|Any CPU.Build.0 = Release|Any CPU
	EndGlobalSection
	GlobalSection(SolutionProperties) = preSolution
		HideSolutionNode = FALSE
	EndGlobalSection
	GlobalSection(ExtensibilityGlobals) = postSolution
		SolutionGuid = {6A93BD8F-E270-41BD-9DBC-DFFD0A46C456}
	EndGlobalSection
EndGlobal
